// !$*UTF8*$!
{
	archiveVersion = 1;
	classes = {
	};
	objectVersion = 42;
	objects = {

/* Begin PBXBuildFile section */
		18FA5AFB1460097F0077D004 /* osc.a in Frameworks */ = {isa = PBXBuildFile; fileRef = 18FA5AEF1460097F0077D004 /* osc.a */; };
		18FA5AFC1460097F0077D004 /* ofxOscBundle.cpp in Sources */ = {isa = PBXBuildFile; fileRef = 18FA5AF31460097F0077D004 /* ofxOscBundle.cpp */; };
		18FA5AFD1460097F0077D004 /* ofxOscMessage.cpp in Sources */ = {isa = PBXBuildFile; fileRef = 18FA5AF51460097F0077D004 /* ofxOscMessage.cpp */; };
		18FA5AFE1460097F0077D004 /* ofxOscReceiver.cpp in Sources */ = {isa = PBXBuildFile; fileRef = 18FA5AF71460097F0077D004 /* ofxOscReceiver.cpp */; };
		18FA5AFF1460097F0077D004 /* ofxOscSender.cpp in Sources */ = {isa = PBXBuildFile; fileRef = 18FA5AF91460097F0077D004 /* ofxOscSender.cpp */; };
		18FA5B7B14600A7C0077D004 /* main.cpp in Sources */ = {isa = PBXBuildFile; fileRef = 18FA5B1114600A7C0077D004 /* main.cpp */; };
		18FA5B7C14600A7C0077D004 /* udpreceive.c in Sources */ = {isa = PBXBuildFile; fileRef = 18FA5B1814600A7C0077D004 /* udpreceive.c */; };
		18FA5B7D14600A7C0077D004 /* udpsend.c in Sources */ = {isa = PBXBuildFile; fileRef = 18FA5B1A14600A7C0077D004 /* udpsend.c */; };
		18FA5B7E14600A7C0077D004 /* packOSC.c in Sources */ = {isa = PBXBuildFile; fileRef = 18FA5B1D14600A7C0077D004 /* packOSC.c */; };
		18FA5B7F14600A7C0077D004 /* pipelist.c in Sources */ = {isa = PBXBuildFile; fileRef = 18FA5B2114600A7C0077D004 /* pipelist.c */; };
		18FA5B8014600A7C0077D004 /* routeOSC.c in Sources */ = {isa = PBXBuildFile; fileRef = 18FA5B2314600A7C0077D004 /* routeOSC.c */; };
		18FA5B8114600A7C0077D004 /* unpackOSC.c in Sources */ = {isa = PBXBuildFile; fileRef = 18FA5B2814600A7C0077D004 /* unpackOSC.c */; };
		18FA5B8214600A7C0077D004 /* d_arithmetic.c in Sources */ = {isa = PBXBuildFile; fileRef = 18FA5B2C14600A7C0077D004 /* d_arithmetic.c */; };
		18FA5B8314600A7C0077D004 /* d_array.c in Sources */ = {isa = PBXBuildFile; fileRef = 18FA5B2D14600A7C0077D004 /* d_array.c */; };
		18FA5B8414600A7C0077D004 /* d_ctl.c in Sources */ = {isa = PBXBuildFile; fileRef = 18FA5B2E14600A7C0077D004 /* d_ctl.c */; };
		18FA5B8514600A7C0077D004 /* d_dac.c in Sources */ = {isa = PBXBuildFile; fileRef = 18FA5B2F14600A7C0077D004 /* d_dac.c */; };
		18FA5B8614600A7C0077D004 /* d_delay.c in Sources */ = {isa = PBXBuildFile; fileRef = 18FA5B3014600A7C0077D004 /* d_delay.c */; };
		18FA5B8714600A7C0077D004 /* d_fft.c in Sources */ = {isa = PBXBuildFile; fileRef = 18FA5B3114600A7C0077D004 /* d_fft.c */; };
		18FA5B8814600A7C0077D004 /* d_fft_mayer.c in Sources */ = {isa = PBXBuildFile; fileRef = 18FA5B3214600A7C0077D004 /* d_fft_mayer.c */; };
		18FA5B8914600A7C0077D004 /* d_fftroutine.c in Sources */ = {isa = PBXBuildFile; fileRef = 18FA5B3314600A7C0077D004 /* d_fftroutine.c */; };
		18FA5B8A14600A7C0077D004 /* d_fftsg_h.c in Sources */ = {isa = PBXBuildFile; fileRef = 18FA5B3414600A7C0077D004 /* d_fftsg_h.c */; };
		18FA5B8B14600A7C0077D004 /* d_filter.c in Sources */ = {isa = PBXBuildFile; fileRef = 18FA5B3514600A7C0077D004 /* d_filter.c */; };
		18FA5B8C14600A7C0077D004 /* d_global.c in Sources */ = {isa = PBXBuildFile; fileRef = 18FA5B3614600A7C0077D004 /* d_global.c */; };
		18FA5B8D14600A7C0077D004 /* d_math.c in Sources */ = {isa = PBXBuildFile; fileRef = 18FA5B3714600A7C0077D004 /* d_math.c */; };
		18FA5B8E14600A7C0077D004 /* d_misc.c in Sources */ = {isa = PBXBuildFile; fileRef = 18FA5B3814600A7C0077D004 /* d_misc.c */; };
		18FA5B8F14600A7C0077D004 /* d_osc.c in Sources */ = {isa = PBXBuildFile; fileRef = 18FA5B3914600A7C0077D004 /* d_osc.c */; };
		18FA5B9014600A7C0077D004 /* d_resample.c in Sources */ = {isa = PBXBuildFile; fileRef = 18FA5B3A14600A7C0077D004 /* d_resample.c */; };
		18FA5B9114600A7C0077D004 /* d_soundfile.c in Sources */ = {isa = PBXBuildFile; fileRef = 18FA5B3B14600A7C0077D004 /* d_soundfile.c */; };
		18FA5B9214600A7C0077D004 /* d_soundout.c in Sources */ = {isa = PBXBuildFile; fileRef = 18FA5B3C14600A7C0077D004 /* d_soundout.c */; };
		18FA5B9314600A7C0077D004 /* d_ugen.c in Sources */ = {isa = PBXBuildFile; fileRef = 18FA5B3D14600A7C0077D004 /* d_ugen.c */; };
		18FA5B9414600A7C0077D004 /* g_all_guis.c in Sources */ = {isa = PBXBuildFile; fileRef = 18FA5B3E14600A7C0077D004 /* g_all_guis.c */; };
		18FA5B9514600A7C0077D004 /* g_array.c in Sources */ = {isa = PBXBuildFile; fileRef = 18FA5B4014600A7C0077D004 /* g_array.c */; };
		18FA5B9614600A7C0077D004 /* g_bang.c in Sources */ = {isa = PBXBuildFile; fileRef = 18FA5B4114600A7C0077D004 /* g_bang.c */; };
		18FA5B9714600A7C0077D004 /* g_canvas.c in Sources */ = {isa = PBXBuildFile; fileRef = 18FA5B4214600A7C0077D004 /* g_canvas.c */; };
		18FA5B9814600A7C0077D004 /* g_editor.c in Sources */ = {isa = PBXBuildFile; fileRef = 18FA5B4414600A7C0077D004 /* g_editor.c */; };
		18FA5B9914600A7C0077D004 /* g_graph.c in Sources */ = {isa = PBXBuildFile; fileRef = 18FA5B4514600A7C0077D004 /* g_graph.c */; };
		18FA5B9A14600A7C0077D004 /* g_guiconnect.c in Sources */ = {isa = PBXBuildFile; fileRef = 18FA5B4614600A7C0077D004 /* g_guiconnect.c */; };
		18FA5B9B14600A7C0077D004 /* g_hdial.c in Sources */ = {isa = PBXBuildFile; fileRef = 18FA5B4714600A7C0077D004 /* g_hdial.c */; };
		18FA5B9C14600A7C0077D004 /* g_hslider.c in Sources */ = {isa = PBXBuildFile; fileRef = 18FA5B4814600A7C0077D004 /* g_hslider.c */; };
		18FA5B9D14600A7C0077D004 /* g_io.c in Sources */ = {isa = PBXBuildFile; fileRef = 18FA5B4914600A7C0077D004 /* g_io.c */; };
		18FA5B9E14600A7C0077D004 /* g_mycanvas.c in Sources */ = {isa = PBXBuildFile; fileRef = 18FA5B4A14600A7C0077D004 /* g_mycanvas.c */; };
		18FA5B9F14600A7C0077D004 /* g_numbox.c in Sources */ = {isa = PBXBuildFile; fileRef = 18FA5B4B14600A7C0077D004 /* g_numbox.c */; };
		18FA5BA014600A7C0077D004 /* g_readwrite.c in Sources */ = {isa = PBXBuildFile; fileRef = 18FA5B4C14600A7C0077D004 /* g_readwrite.c */; };
		18FA5BA114600A7C0077D004 /* g_rtext.c in Sources */ = {isa = PBXBuildFile; fileRef = 18FA5B4D14600A7C0077D004 /* g_rtext.c */; };
		18FA5BA214600A7C0077D004 /* g_scalar.c in Sources */ = {isa = PBXBuildFile; fileRef = 18FA5B4E14600A7C0077D004 /* g_scalar.c */; };
		18FA5BA314600A7C0077D004 /* g_template.c in Sources */ = {isa = PBXBuildFile; fileRef = 18FA5B4F14600A7C0077D004 /* g_template.c */; };
		18FA5BA414600A7C0077D004 /* g_text.c in Sources */ = {isa = PBXBuildFile; fileRef = 18FA5B5014600A7C0077D004 /* g_text.c */; };
		18FA5BA514600A7C0077D004 /* g_toggle.c in Sources */ = {isa = PBXBuildFile; fileRef = 18FA5B5114600A7C0077D004 /* g_toggle.c */; };
		18FA5BA614600A7C0077D004 /* g_traversal.c in Sources */ = {isa = PBXBuildFile; fileRef = 18FA5B5214600A7C0077D004 /* g_traversal.c */; };
		18FA5BA714600A7C0077D004 /* g_vdial.c in Sources */ = {isa = PBXBuildFile; fileRef = 18FA5B5314600A7C0077D004 /* g_vdial.c */; };
		18FA5BA814600A7C0077D004 /* g_vslider.c in Sources */ = {isa = PBXBuildFile; fileRef = 18FA5B5414600A7C0077D004 /* g_vslider.c */; };
		18FA5BA914600A7C0077D004 /* g_vumeter.c in Sources */ = {isa = PBXBuildFile; fileRef = 18FA5B5514600A7C0077D004 /* g_vumeter.c */; };
		18FA5BAA14600A7C0077D004 /* m_atom.c in Sources */ = {isa = PBXBuildFile; fileRef = 18FA5B5714600A7C0077D004 /* m_atom.c */; };
		18FA5BAB14600A7C0077D004 /* m_binbuf.c in Sources */ = {isa = PBXBuildFile; fileRef = 18FA5B5814600A7C0077D004 /* m_binbuf.c */; };
		18FA5BAC14600A7C0077D004 /* m_class.c in Sources */ = {isa = PBXBuildFile; fileRef = 18FA5B5914600A7C0077D004 /* m_class.c */; };
		18FA5BAD14600A7C0077D004 /* m_conf.c in Sources */ = {isa = PBXBuildFile; fileRef = 18FA5B5A14600A7C0077D004 /* m_conf.c */; };
		18FA5BAE14600A7C0077D004 /* m_glob.c in Sources */ = {isa = PBXBuildFile; fileRef = 18FA5B5B14600A7C0077D004 /* m_glob.c */; };
		18FA5BAF14600A7C0077D004 /* m_memory.c in Sources */ = {isa = PBXBuildFile; fileRef = 18FA5B5D14600A7C0077D004 /* m_memory.c */; };
		18FA5BB014600A7C0077D004 /* m_obj.c in Sources */ = {isa = PBXBuildFile; fileRef = 18FA5B5E14600A7C0077D004 /* m_obj.c */; };
		18FA5BB114600A7C0077D004 /* m_pd.c in Sources */ = {isa = PBXBuildFile; fileRef = 18FA5B5F14600A7C0077D004 /* m_pd.c */; };
		18FA5BB214600A7C0077D004 /* m_sched.c in Sources */ = {isa = PBXBuildFile; fileRef = 18FA5B6114600A7C0077D004 /* m_sched.c */; };
		18FA5BB314600A7C0077D004 /* s_inter.c in Sources */ = {isa = PBXBuildFile; fileRef = 18FA5B6314600A7C0077D004 /* s_inter.c */; };
		18FA5BB414600A7C0077D004 /* s_loader.c in Sources */ = {isa = PBXBuildFile; fileRef = 18FA5B6414600A7C0077D004 /* s_loader.c */; };
		18FA5BB514600A7C0077D004 /* s_main.c in Sources */ = {isa = PBXBuildFile; fileRef = 18FA5B6514600A7C0077D004 /* s_main.c */; };
		18FA5BB614600A7C0077D004 /* s_path.c in Sources */ = {isa = PBXBuildFile; fileRef = 18FA5B6714600A7C0077D004 /* s_path.c */; };
		18FA5BB714600A7C0077D004 /* s_print.c in Sources */ = {isa = PBXBuildFile; fileRef = 18FA5B6814600A7C0077D004 /* s_print.c */; };
		18FA5BB814600A7C0077D004 /* x_acoustics.c in Sources */ = {isa = PBXBuildFile; fileRef = 18FA5B6B14600A7C0077D004 /* x_acoustics.c */; };
		18FA5BB914600A7C0077D004 /* x_arithmetic.c in Sources */ = {isa = PBXBuildFile; fileRef = 18FA5B6C14600A7C0077D004 /* x_arithmetic.c */; };
		18FA5BBA14600A7C0077D004 /* x_connective.c in Sources */ = {isa = PBXBuildFile; fileRef = 18FA5B6D14600A7C0077D004 /* x_connective.c */; };
		18FA5BBB14600A7C0077D004 /* x_gui.c in Sources */ = {isa = PBXBuildFile; fileRef = 18FA5B6E14600A7C0077D004 /* x_gui.c */; };
		18FA5BBC14600A7C0077D004 /* x_interface.c in Sources */ = {isa = PBXBuildFile; fileRef = 18FA5B6F14600A7C0077D004 /* x_interface.c */; };
		18FA5BBD14600A7C0077D004 /* x_list.c in Sources */ = {isa = PBXBuildFile; fileRef = 18FA5B7014600A7C0077D004 /* x_list.c */; };
		18FA5BBE14600A7C0077D004 /* x_midi.c in Sources */ = {isa = PBXBuildFile; fileRef = 18FA5B7114600A7C0077D004 /* x_midi.c */; };
		18FA5BBF14600A7C0077D004 /* x_misc.c in Sources */ = {isa = PBXBuildFile; fileRef = 18FA5B7214600A7C0077D004 /* x_misc.c */; };
		18FA5BC014600A7C0077D004 /* x_net.c in Sources */ = {isa = PBXBuildFile; fileRef = 18FA5B7314600A7C0077D004 /* x_net.c */; };
		18FA5BC114600A7C0077D004 /* x_qlist.c in Sources */ = {isa = PBXBuildFile; fileRef = 18FA5B7414600A7C0077D004 /* x_qlist.c */; };
		18FA5BC214600A7C0077D004 /* x_time.c in Sources */ = {isa = PBXBuildFile; fileRef = 18FA5B7514600A7C0077D004 /* x_time.c */; };
		18FA5BC314600A7C0077D004 /* ofxPd.cpp in Sources */ = {isa = PBXBuildFile; fileRef = 18FA5B7714600A7C0077D004 /* ofxPd.cpp */; };
		18FA5BC414600A7C0077D004 /* testApp.cpp in Sources */ = {isa = PBXBuildFile; fileRef = 18FA5B7914600A7C0077D004 /* testApp.cpp */; };
		BBAB23CB13894F3D00AA2426 /* GLUT.framework in CopyFiles */ = {isa = PBXBuildFile; fileRef = BBAB23BE13894E4700AA2426 /* GLUT.framework */; };
		E4328149138ABC9F0047C5CB /* openFrameworksDebug.a in Frameworks */ = {isa = PBXBuildFile; fileRef = E4328148138ABC890047C5CB /* openFrameworksDebug.a */; };
		E45BE97B0E8CC7DD009D7055 /* AGL.framework in Frameworks */ = {isa = PBXBuildFile; fileRef = E45BE9710E8CC7DD009D7055 /* AGL.framework */; };
		E45BE97C0E8CC7DD009D7055 /* ApplicationServices.framework in Frameworks */ = {isa = PBXBuildFile; fileRef = E45BE9720E8CC7DD009D7055 /* ApplicationServices.framework */; };
		E45BE97D0E8CC7DD009D7055 /* AudioToolbox.framework in Frameworks */ = {isa = PBXBuildFile; fileRef = E45BE9730E8CC7DD009D7055 /* AudioToolbox.framework */; };
		E45BE97E0E8CC7DD009D7055 /* Carbon.framework in Frameworks */ = {isa = PBXBuildFile; fileRef = E45BE9740E8CC7DD009D7055 /* Carbon.framework */; };
		E45BE97F0E8CC7DD009D7055 /* CoreAudio.framework in Frameworks */ = {isa = PBXBuildFile; fileRef = E45BE9750E8CC7DD009D7055 /* CoreAudio.framework */; };
		E45BE9800E8CC7DD009D7055 /* CoreFoundation.framework in Frameworks */ = {isa = PBXBuildFile; fileRef = E45BE9760E8CC7DD009D7055 /* CoreFoundation.framework */; };
		E45BE9810E8CC7DD009D7055 /* CoreServices.framework in Frameworks */ = {isa = PBXBuildFile; fileRef = E45BE9770E8CC7DD009D7055 /* CoreServices.framework */; };
		E45BE9830E8CC7DD009D7055 /* OpenGL.framework in Frameworks */ = {isa = PBXBuildFile; fileRef = E45BE9790E8CC7DD009D7055 /* OpenGL.framework */; };
		E45BE9840E8CC7DD009D7055 /* QuickTime.framework in Frameworks */ = {isa = PBXBuildFile; fileRef = E45BE97A0E8CC7DD009D7055 /* QuickTime.framework */; };
		E4C2424710CC5A17004149E2 /* AppKit.framework in Frameworks */ = {isa = PBXBuildFile; fileRef = E4C2424410CC5A17004149E2 /* AppKit.framework */; };
		E4C2424810CC5A17004149E2 /* Cocoa.framework in Frameworks */ = {isa = PBXBuildFile; fileRef = E4C2424510CC5A17004149E2 /* Cocoa.framework */; };
		E4C2424910CC5A17004149E2 /* IOKit.framework in Frameworks */ = {isa = PBXBuildFile; fileRef = E4C2424610CC5A17004149E2 /* IOKit.framework */; };
		E4EB6799138ADC1D00A09F29 /* GLUT.framework in Frameworks */ = {isa = PBXBuildFile; fileRef = BBAB23BE13894E4700AA2426 /* GLUT.framework */; };
/* End PBXBuildFile section */

/* Begin PBXContainerItemProxy section */
		E4328147138ABC890047C5CB /* PBXContainerItemProxy */ = {
			isa = PBXContainerItemProxy;
			containerPortal = E4328143138ABC890047C5CB /* openFrameworksLib.xcodeproj */;
			proxyType = 2;
			remoteGlobalIDString = E4B27C1510CBEB8E00536013;
			remoteInfo = openFrameworks;
		};
		E4EEB9AB138B136A00A80321 /* PBXContainerItemProxy */ = {
			isa = PBXContainerItemProxy;
			containerPortal = E4328143138ABC890047C5CB /* openFrameworksLib.xcodeproj */;
			proxyType = 1;
			remoteGlobalIDString = E4B27C1410CBEB8E00536013;
			remoteInfo = openFrameworks;
		};
/* End PBXContainerItemProxy section */

/* Begin PBXCopyFilesBuildPhase section */
		E4C2427710CC5ABF004149E2 /* CopyFiles */ = {
			isa = PBXCopyFilesBuildPhase;
			buildActionMask = 2147483647;
			dstPath = "";
			dstSubfolderSpec = 10;
			files = (
				BBAB23CB13894F3D00AA2426 /* GLUT.framework in CopyFiles */,
			);
			runOnlyForDeploymentPostprocessing = 0;
		};
/* End PBXCopyFilesBuildPhase section */

/* Begin PBXFileReference section */
		18FA5ADF1460097F0077D004 /* IpEndpointName.h */ = {isa = PBXFileReference; fileEncoding = 4; lastKnownFileType = sourcecode.c.h; path = IpEndpointName.h; sourceTree = "<group>"; };
		18FA5AE01460097F0077D004 /* NetworkingUtils.h */ = {isa = PBXFileReference; fileEncoding = 4; lastKnownFileType = sourcecode.c.h; path = NetworkingUtils.h; sourceTree = "<group>"; };
		18FA5AE11460097F0077D004 /* PacketListener.h */ = {isa = PBXFileReference; fileEncoding = 4; lastKnownFileType = sourcecode.c.h; path = PacketListener.h; sourceTree = "<group>"; };
		18FA5AE21460097F0077D004 /* TimerListener.h */ = {isa = PBXFileReference; fileEncoding = 4; lastKnownFileType = sourcecode.c.h; path = TimerListener.h; sourceTree = "<group>"; };
		18FA5AE31460097F0077D004 /* UdpSocket.h */ = {isa = PBXFileReference; fileEncoding = 4; lastKnownFileType = sourcecode.c.h; path = UdpSocket.h; sourceTree = "<group>"; };
		18FA5AE51460097F0077D004 /* MessageMappingOscPacketListener.h */ = {isa = PBXFileReference; fileEncoding = 4; lastKnownFileType = sourcecode.c.h; path = MessageMappingOscPacketListener.h; sourceTree = "<group>"; };
		18FA5AE61460097F0077D004 /* OscException.h */ = {isa = PBXFileReference; fileEncoding = 4; lastKnownFileType = sourcecode.c.h; path = OscException.h; sourceTree = "<group>"; };
		18FA5AE71460097F0077D004 /* OscHostEndianness.h */ = {isa = PBXFileReference; fileEncoding = 4; lastKnownFileType = sourcecode.c.h; path = OscHostEndianness.h; sourceTree = "<group>"; };
		18FA5AE81460097F0077D004 /* OscOutboundPacketStream.h */ = {isa = PBXFileReference; fileEncoding = 4; lastKnownFileType = sourcecode.c.h; path = OscOutboundPacketStream.h; sourceTree = "<group>"; };
		18FA5AE91460097F0077D004 /* OscPacketListener.h */ = {isa = PBXFileReference; fileEncoding = 4; lastKnownFileType = sourcecode.c.h; path = OscPacketListener.h; sourceTree = "<group>"; };
		18FA5AEA1460097F0077D004 /* OscPrintReceivedElements.h */ = {isa = PBXFileReference; fileEncoding = 4; lastKnownFileType = sourcecode.c.h; path = OscPrintReceivedElements.h; sourceTree = "<group>"; };
		18FA5AEB1460097F0077D004 /* OscReceivedElements.h */ = {isa = PBXFileReference; fileEncoding = 4; lastKnownFileType = sourcecode.c.h; path = OscReceivedElements.h; sourceTree = "<group>"; };
		18FA5AEC1460097F0077D004 /* OscTypes.h */ = {isa = PBXFileReference; fileEncoding = 4; lastKnownFileType = sourcecode.c.h; path = OscTypes.h; sourceTree = "<group>"; };
		18FA5AEF1460097F0077D004 /* osc.a */ = {isa = PBXFileReference; lastKnownFileType = archive.ar; path = osc.a; sourceTree = "<group>"; };
		18FA5AF11460097F0077D004 /* ofxOsc.h */ = {isa = PBXFileReference; fileEncoding = 4; lastKnownFileType = sourcecode.c.h; path = ofxOsc.h; sourceTree = "<group>"; };
		18FA5AF21460097F0077D004 /* ofxOscArg.h */ = {isa = PBXFileReference; fileEncoding = 4; lastKnownFileType = sourcecode.c.h; path = ofxOscArg.h; sourceTree = "<group>"; };
		18FA5AF31460097F0077D004 /* ofxOscBundle.cpp */ = {isa = PBXFileReference; fileEncoding = 4; lastKnownFileType = sourcecode.cpp.cpp; path = ofxOscBundle.cpp; sourceTree = "<group>"; };
		18FA5AF41460097F0077D004 /* ofxOscBundle.h */ = {isa = PBXFileReference; fileEncoding = 4; lastKnownFileType = sourcecode.c.h; path = ofxOscBundle.h; sourceTree = "<group>"; };
		18FA5AF51460097F0077D004 /* ofxOscMessage.cpp */ = {isa = PBXFileReference; fileEncoding = 4; lastKnownFileType = sourcecode.cpp.cpp; path = ofxOscMessage.cpp; sourceTree = "<group>"; };
		18FA5AF61460097F0077D004 /* ofxOscMessage.h */ = {isa = PBXFileReference; fileEncoding = 4; lastKnownFileType = sourcecode.c.h; path = ofxOscMessage.h; sourceTree = "<group>"; };
		18FA5AF71460097F0077D004 /* ofxOscReceiver.cpp */ = {isa = PBXFileReference; fileEncoding = 4; lastKnownFileType = sourcecode.cpp.cpp; path = ofxOscReceiver.cpp; sourceTree = "<group>"; };
		18FA5AF81460097F0077D004 /* ofxOscReceiver.h */ = {isa = PBXFileReference; fileEncoding = 4; lastKnownFileType = sourcecode.c.h; path = ofxOscReceiver.h; sourceTree = "<group>"; };
		18FA5AF91460097F0077D004 /* ofxOscSender.cpp */ = {isa = PBXFileReference; fileEncoding = 4; lastKnownFileType = sourcecode.cpp.cpp; path = ofxOscSender.cpp; sourceTree = "<group>"; };
		18FA5AFA1460097F0077D004 /* ofxOscSender.h */ = {isa = PBXFileReference; fileEncoding = 4; lastKnownFileType = sourcecode.c.h; path = ofxOscSender.h; sourceTree = "<group>"; };
		18FA5B1114600A7C0077D004 /* main.cpp */ = {isa = PBXFileReference; fileEncoding = 4; lastKnownFileType = sourcecode.cpp.cpp; path = main.cpp; sourceTree = "<group>"; };
		18FA5B1514600A7C0077D004 /* LICENSE */ = {isa = PBXFileReference; fileEncoding = 4; lastKnownFileType = text; path = LICENSE; sourceTree = "<group>"; };
		18FA5B1714600A7C0077D004 /* udpreceive-help.pd */ = {isa = PBXFileReference; fileEncoding = 4; lastKnownFileType = text; path = "udpreceive-help.pd"; sourceTree = "<group>"; };
		18FA5B1814600A7C0077D004 /* udpreceive.c */ = {isa = PBXFileReference; fileEncoding = 4; lastKnownFileType = sourcecode.c.c; path = udpreceive.c; sourceTree = "<group>"; };
		18FA5B1914600A7C0077D004 /* udpsend-help.pd */ = {isa = PBXFileReference; fileEncoding = 4; lastKnownFileType = text; path = "udpsend-help.pd"; sourceTree = "<group>"; };
		18FA5B1A14600A7C0077D004 /* udpsend.c */ = {isa = PBXFileReference; fileEncoding = 4; lastKnownFileType = sourcecode.c.c; path = udpsend.c; sourceTree = "<group>"; };
		18FA5B1C14600A7C0077D004 /* packOSC-help.pd */ = {isa = PBXFileReference; fileEncoding = 4; lastKnownFileType = text; path = "packOSC-help.pd"; sourceTree = "<group>"; };
		18FA5B1D14600A7C0077D004 /* packOSC.c */ = {isa = PBXFileReference; fileEncoding = 4; lastKnownFileType = sourcecode.c.c; path = packOSC.c; sourceTree = "<group>"; };
		18FA5B1E14600A7C0077D004 /* packOSCstream-help.pd */ = {isa = PBXFileReference; fileEncoding = 4; lastKnownFileType = text; path = "packOSCstream-help.pd"; sourceTree = "<group>"; };
		18FA5B1F14600A7C0077D004 /* packOSCstream.pd */ = {isa = PBXFileReference; fileEncoding = 4; lastKnownFileType = text; path = packOSCstream.pd; sourceTree = "<group>"; };
		18FA5B2014600A7C0077D004 /* pipelist-help.pd */ = {isa = PBXFileReference; fileEncoding = 4; lastKnownFileType = text; path = "pipelist-help.pd"; sourceTree = "<group>"; };
		18FA5B2114600A7C0077D004 /* pipelist.c */ = {isa = PBXFileReference; fileEncoding = 4; lastKnownFileType = sourcecode.c.c; path = pipelist.c; sourceTree = "<group>"; };
		18FA5B2214600A7C0077D004 /* routeOSC-help.pd */ = {isa = PBXFileReference; fileEncoding = 4; lastKnownFileType = text; path = "routeOSC-help.pd"; sourceTree = "<group>"; };
		18FA5B2314600A7C0077D004 /* routeOSC.c */ = {isa = PBXFileReference; fileEncoding = 4; lastKnownFileType = sourcecode.c.c; path = routeOSC.c; sourceTree = "<group>"; };
		18FA5B2414600A7C0077D004 /* tcpsocket.FUDI.pd */ = {isa = PBXFileReference; fileEncoding = 4; lastKnownFileType = text; path = tcpsocket.FUDI.pd; sourceTree = "<group>"; };
		18FA5B2514600A7C0077D004 /* tcpsocket.OSC.pd */ = {isa = PBXFileReference; fileEncoding = 4; lastKnownFileType = text; path = tcpsocket.OSC.pd; sourceTree = "<group>"; };
		18FA5B2614600A7C0077D004 /* tcpsocketserver-help.pd */ = {isa = PBXFileReference; fileEncoding = 4; lastKnownFileType = text; path = "tcpsocketserver-help.pd"; sourceTree = "<group>"; };
		18FA5B2714600A7C0077D004 /* tcpsocketserver.pd */ = {isa = PBXFileReference; fileEncoding = 4; lastKnownFileType = text; path = tcpsocketserver.pd; sourceTree = "<group>"; };
		18FA5B2814600A7C0077D004 /* unpackOSC.c */ = {isa = PBXFileReference; fileEncoding = 4; lastKnownFileType = sourcecode.c.c; path = unpackOSC.c; sourceTree = "<group>"; };
		18FA5B2914600A7C0077D004 /* unpackOSCstream-help.pd */ = {isa = PBXFileReference; fileEncoding = 4; lastKnownFileType = text; path = "unpackOSCstream-help.pd"; sourceTree = "<group>"; };
		18FA5B2A14600A7C0077D004 /* unpackOSCstream.pd */ = {isa = PBXFileReference; fileEncoding = 4; lastKnownFileType = text; path = unpackOSCstream.pd; sourceTree = "<group>"; };
		18FA5B2C14600A7C0077D004 /* d_arithmetic.c */ = {isa = PBXFileReference; fileEncoding = 4; lastKnownFileType = sourcecode.c.c; path = d_arithmetic.c; sourceTree = "<group>"; };
		18FA5B2D14600A7C0077D004 /* d_array.c */ = {isa = PBXFileReference; fileEncoding = 4; lastKnownFileType = sourcecode.c.c; path = d_array.c; sourceTree = "<group>"; };
		18FA5B2E14600A7C0077D004 /* d_ctl.c */ = {isa = PBXFileReference; fileEncoding = 4; lastKnownFileType = sourcecode.c.c; path = d_ctl.c; sourceTree = "<group>"; };
		18FA5B2F14600A7C0077D004 /* d_dac.c */ = {isa = PBXFileReference; fileEncoding = 4; lastKnownFileType = sourcecode.c.c; path = d_dac.c; sourceTree = "<group>"; };
		18FA5B3014600A7C0077D004 /* d_delay.c */ = {isa = PBXFileReference; fileEncoding = 4; lastKnownFileType = sourcecode.c.c; path = d_delay.c; sourceTree = "<group>"; };
		18FA5B3114600A7C0077D004 /* d_fft.c */ = {isa = PBXFileReference; fileEncoding = 4; lastKnownFileType = sourcecode.c.c; path = d_fft.c; sourceTree = "<group>"; };
		18FA5B3214600A7C0077D004 /* d_fft_mayer.c */ = {isa = PBXFileReference; fileEncoding = 4; lastKnownFileType = sourcecode.c.c; path = d_fft_mayer.c; sourceTree = "<group>"; };
		18FA5B3314600A7C0077D004 /* d_fftroutine.c */ = {isa = PBXFileReference; fileEncoding = 4; lastKnownFileType = sourcecode.c.c; path = d_fftroutine.c; sourceTree = "<group>"; };
		18FA5B3414600A7C0077D004 /* d_fftsg_h.c */ = {isa = PBXFileReference; fileEncoding = 4; lastKnownFileType = sourcecode.c.c; path = d_fftsg_h.c; sourceTree = "<group>"; };
		18FA5B3514600A7C0077D004 /* d_filter.c */ = {isa = PBXFileReference; fileEncoding = 4; lastKnownFileType = sourcecode.c.c; path = d_filter.c; sourceTree = "<group>"; };
		18FA5B3614600A7C0077D004 /* d_global.c */ = {isa = PBXFileReference; fileEncoding = 4; lastKnownFileType = sourcecode.c.c; path = d_global.c; sourceTree = "<group>"; };
		18FA5B3714600A7C0077D004 /* d_math.c */ = {isa = PBXFileReference; fileEncoding = 4; lastKnownFileType = sourcecode.c.c; path = d_math.c; sourceTree = "<group>"; };
		18FA5B3814600A7C0077D004 /* d_misc.c */ = {isa = PBXFileReference; fileEncoding = 4; lastKnownFileType = sourcecode.c.c; path = d_misc.c; sourceTree = "<group>"; };
		18FA5B3914600A7C0077D004 /* d_osc.c */ = {isa = PBXFileReference; fileEncoding = 4; lastKnownFileType = sourcecode.c.c; path = d_osc.c; sourceTree = "<group>"; };
		18FA5B3A14600A7C0077D004 /* d_resample.c */ = {isa = PBXFileReference; fileEncoding = 4; lastKnownFileType = sourcecode.c.c; path = d_resample.c; sourceTree = "<group>"; };
		18FA5B3B14600A7C0077D004 /* d_soundfile.c */ = {isa = PBXFileReference; fileEncoding = 4; lastKnownFileType = sourcecode.c.c; path = d_soundfile.c; sourceTree = "<group>"; };
		18FA5B3C14600A7C0077D004 /* d_soundout.c */ = {isa = PBXFileReference; fileEncoding = 4; lastKnownFileType = sourcecode.c.c; path = d_soundout.c; sourceTree = "<group>"; };
		18FA5B3D14600A7C0077D004 /* d_ugen.c */ = {isa = PBXFileReference; fileEncoding = 4; lastKnownFileType = sourcecode.c.c; path = d_ugen.c; sourceTree = "<group>"; };
		18FA5B3E14600A7C0077D004 /* g_all_guis.c */ = {isa = PBXFileReference; fileEncoding = 4; lastKnownFileType = sourcecode.c.c; path = g_all_guis.c; sourceTree = "<group>"; };
		18FA5B3F14600A7C0077D004 /* g_all_guis.h */ = {isa = PBXFileReference; fileEncoding = 4; lastKnownFileType = sourcecode.c.h; path = g_all_guis.h; sourceTree = "<group>"; };
		18FA5B4014600A7C0077D004 /* g_array.c */ = {isa = PBXFileReference; fileEncoding = 4; lastKnownFileType = sourcecode.c.c; path = g_array.c; sourceTree = "<group>"; };
		18FA5B4114600A7C0077D004 /* g_bang.c */ = {isa = PBXFileReference; fileEncoding = 4; lastKnownFileType = sourcecode.c.c; path = g_bang.c; sourceTree = "<group>"; };
		18FA5B4214600A7C0077D004 /* g_canvas.c */ = {isa = PBXFileReference; fileEncoding = 4; lastKnownFileType = sourcecode.c.c; path = g_canvas.c; sourceTree = "<group>"; };
		18FA5B4314600A7C0077D004 /* g_canvas.h */ = {isa = PBXFileReference; fileEncoding = 4; lastKnownFileType = sourcecode.c.h; path = g_canvas.h; sourceTree = "<group>"; };
		18FA5B4414600A7C0077D004 /* g_editor.c */ = {isa = PBXFileReference; fileEncoding = 4; lastKnownFileType = sourcecode.c.c; path = g_editor.c; sourceTree = "<group>"; };
		18FA5B4514600A7C0077D004 /* g_graph.c */ = {isa = PBXFileReference; fileEncoding = 4; lastKnownFileType = sourcecode.c.c; path = g_graph.c; sourceTree = "<group>"; };
		18FA5B4614600A7C0077D004 /* g_guiconnect.c */ = {isa = PBXFileReference; fileEncoding = 4; lastKnownFileType = sourcecode.c.c; path = g_guiconnect.c; sourceTree = "<group>"; };
		18FA5B4714600A7C0077D004 /* g_hdial.c */ = {isa = PBXFileReference; fileEncoding = 4; lastKnownFileType = sourcecode.c.c; path = g_hdial.c; sourceTree = "<group>"; };
		18FA5B4814600A7C0077D004 /* g_hslider.c */ = {isa = PBXFileReference; fileEncoding = 4; lastKnownFileType = sourcecode.c.c; path = g_hslider.c; sourceTree = "<group>"; };
		18FA5B4914600A7C0077D004 /* g_io.c */ = {isa = PBXFileReference; fileEncoding = 4; lastKnownFileType = sourcecode.c.c; path = g_io.c; sourceTree = "<group>"; };
		18FA5B4A14600A7C0077D004 /* g_mycanvas.c */ = {isa = PBXFileReference; fileEncoding = 4; lastKnownFileType = sourcecode.c.c; path = g_mycanvas.c; sourceTree = "<group>"; };
		18FA5B4B14600A7C0077D004 /* g_numbox.c */ = {isa = PBXFileReference; fileEncoding = 4; lastKnownFileType = sourcecode.c.c; path = g_numbox.c; sourceTree = "<group>"; };
		18FA5B4C14600A7C0077D004 /* g_readwrite.c */ = {isa = PBXFileReference; fileEncoding = 4; lastKnownFileType = sourcecode.c.c; path = g_readwrite.c; sourceTree = "<group>"; };
		18FA5B4D14600A7C0077D004 /* g_rtext.c */ = {isa = PBXFileReference; fileEncoding = 4; lastKnownFileType = sourcecode.c.c; path = g_rtext.c; sourceTree = "<group>"; };
		18FA5B4E14600A7C0077D004 /* g_scalar.c */ = {isa = PBXFileReference; fileEncoding = 4; lastKnownFileType = sourcecode.c.c; path = g_scalar.c; sourceTree = "<group>"; };
		18FA5B4F14600A7C0077D004 /* g_template.c */ = {isa = PBXFileReference; fileEncoding = 4; lastKnownFileType = sourcecode.c.c; path = g_template.c; sourceTree = "<group>"; };
		18FA5B5014600A7C0077D004 /* g_text.c */ = {isa = PBXFileReference; fileEncoding = 4; lastKnownFileType = sourcecode.c.c; path = g_text.c; sourceTree = "<group>"; };
		18FA5B5114600A7C0077D004 /* g_toggle.c */ = {isa = PBXFileReference; fileEncoding = 4; lastKnownFileType = sourcecode.c.c; path = g_toggle.c; sourceTree = "<group>"; };
		18FA5B5214600A7C0077D004 /* g_traversal.c */ = {isa = PBXFileReference; fileEncoding = 4; lastKnownFileType = sourcecode.c.c; path = g_traversal.c; sourceTree = "<group>"; };
		18FA5B5314600A7C0077D004 /* g_vdial.c */ = {isa = PBXFileReference; fileEncoding = 4; lastKnownFileType = sourcecode.c.c; path = g_vdial.c; sourceTree = "<group>"; };
		18FA5B5414600A7C0077D004 /* g_vslider.c */ = {isa = PBXFileReference; fileEncoding = 4; lastKnownFileType = sourcecode.c.c; path = g_vslider.c; sourceTree = "<group>"; };
		18FA5B5514600A7C0077D004 /* g_vumeter.c */ = {isa = PBXFileReference; fileEncoding = 4; lastKnownFileType = sourcecode.c.c; path = g_vumeter.c; sourceTree = "<group>"; };
		18FA5B5614600A7C0077D004 /* LICENSE.txt */ = {isa = PBXFileReference; fileEncoding = 4; lastKnownFileType = text; path = LICENSE.txt; sourceTree = "<group>"; };
		18FA5B5714600A7C0077D004 /* m_atom.c */ = {isa = PBXFileReference; fileEncoding = 4; lastKnownFileType = sourcecode.c.c; path = m_atom.c; sourceTree = "<group>"; };
		18FA5B5814600A7C0077D004 /* m_binbuf.c */ = {isa = PBXFileReference; fileEncoding = 4; lastKnownFileType = sourcecode.c.c; path = m_binbuf.c; sourceTree = "<group>"; };
		18FA5B5914600A7C0077D004 /* m_class.c */ = {isa = PBXFileReference; fileEncoding = 4; lastKnownFileType = sourcecode.c.c; path = m_class.c; sourceTree = "<group>"; };
		18FA5B5A14600A7C0077D004 /* m_conf.c */ = {isa = PBXFileReference; fileEncoding = 4; lastKnownFileType = sourcecode.c.c; path = m_conf.c; sourceTree = "<group>"; };
		18FA5B5B14600A7C0077D004 /* m_glob.c */ = {isa = PBXFileReference; fileEncoding = 4; lastKnownFileType = sourcecode.c.c; path = m_glob.c; sourceTree = "<group>"; };
		18FA5B5C14600A7C0077D004 /* m_imp.h */ = {isa = PBXFileReference; fileEncoding = 4; lastKnownFileType = sourcecode.c.h; path = m_imp.h; sourceTree = "<group>"; };
		18FA5B5D14600A7C0077D004 /* m_memory.c */ = {isa = PBXFileReference; fileEncoding = 4; lastKnownFileType = sourcecode.c.c; path = m_memory.c; sourceTree = "<group>"; };
		18FA5B5E14600A7C0077D004 /* m_obj.c */ = {isa = PBXFileReference; fileEncoding = 4; lastKnownFileType = sourcecode.c.c; path = m_obj.c; sourceTree = "<group>"; };
		18FA5B5F14600A7C0077D004 /* m_pd.c */ = {isa = PBXFileReference; fileEncoding = 4; lastKnownFileType = sourcecode.c.c; path = m_pd.c; sourceTree = "<group>"; };
		18FA5B6014600A7C0077D004 /* m_pd.h */ = {isa = PBXFileReference; fileEncoding = 4; lastKnownFileType = sourcecode.c.h; path = m_pd.h; sourceTree = "<group>"; };
		18FA5B6114600A7C0077D004 /* m_sched.c */ = {isa = PBXFileReference; fileEncoding = 4; lastKnownFileType = sourcecode.c.c; path = m_sched.c; sourceTree = "<group>"; };
		18FA5B6214600A7C0077D004 /* notes.txt */ = {isa = PBXFileReference; fileEncoding = 4; lastKnownFileType = text; path = notes.txt; sourceTree = "<group>"; };
		18FA5B6314600A7C0077D004 /* s_inter.c */ = {isa = PBXFileReference; fileEncoding = 4; lastKnownFileType = sourcecode.c.c; path = s_inter.c; sourceTree = "<group>"; };
		18FA5B6414600A7C0077D004 /* s_loader.c */ = {isa = PBXFileReference; fileEncoding = 4; lastKnownFileType = sourcecode.c.c; path = s_loader.c; sourceTree = "<group>"; };
		18FA5B6514600A7C0077D004 /* s_main.c */ = {isa = PBXFileReference; fileEncoding = 4; lastKnownFileType = sourcecode.c.c; path = s_main.c; sourceTree = "<group>"; };
		18FA5B6614600A7C0077D004 /* s_main.h */ = {isa = PBXFileReference; fileEncoding = 4; lastKnownFileType = sourcecode.c.h; path = s_main.h; sourceTree = "<group>"; };
		18FA5B6714600A7C0077D004 /* s_path.c */ = {isa = PBXFileReference; fileEncoding = 4; lastKnownFileType = sourcecode.c.c; path = s_path.c; sourceTree = "<group>"; };
		18FA5B6814600A7C0077D004 /* s_print.c */ = {isa = PBXFileReference; fileEncoding = 4; lastKnownFileType = sourcecode.c.c; path = s_print.c; sourceTree = "<group>"; };
		18FA5B6914600A7C0077D004 /* s_stuff.h */ = {isa = PBXFileReference; fileEncoding = 4; lastKnownFileType = sourcecode.c.h; path = s_stuff.h; sourceTree = "<group>"; };
		18FA5B6A14600A7C0077D004 /* t_tk.h */ = {isa = PBXFileReference; fileEncoding = 4; lastKnownFileType = sourcecode.c.h; path = t_tk.h; sourceTree = "<group>"; };
		18FA5B6B14600A7C0077D004 /* x_acoustics.c */ = {isa = PBXFileReference; fileEncoding = 4; lastKnownFileType = sourcecode.c.c; path = x_acoustics.c; sourceTree = "<group>"; };
		18FA5B6C14600A7C0077D004 /* x_arithmetic.c */ = {isa = PBXFileReference; fileEncoding = 4; lastKnownFileType = sourcecode.c.c; path = x_arithmetic.c; sourceTree = "<group>"; };
		18FA5B6D14600A7C0077D004 /* x_connective.c */ = {isa = PBXFileReference; fileEncoding = 4; lastKnownFileType = sourcecode.c.c; path = x_connective.c; sourceTree = "<group>"; };
		18FA5B6E14600A7C0077D004 /* x_gui.c */ = {isa = PBXFileReference; fileEncoding = 4; lastKnownFileType = sourcecode.c.c; path = x_gui.c; sourceTree = "<group>"; };
		18FA5B6F14600A7C0077D004 /* x_interface.c */ = {isa = PBXFileReference; fileEncoding = 4; lastKnownFileType = sourcecode.c.c; path = x_interface.c; sourceTree = "<group>"; };
		18FA5B7014600A7C0077D004 /* x_list.c */ = {isa = PBXFileReference; fileEncoding = 4; lastKnownFileType = sourcecode.c.c; path = x_list.c; sourceTree = "<group>"; };
		18FA5B7114600A7C0077D004 /* x_midi.c */ = {isa = PBXFileReference; fileEncoding = 4; lastKnownFileType = sourcecode.c.c; path = x_midi.c; sourceTree = "<group>"; };
		18FA5B7214600A7C0077D004 /* x_misc.c */ = {isa = PBXFileReference; fileEncoding = 4; lastKnownFileType = sourcecode.c.c; path = x_misc.c; sourceTree = "<group>"; };
		18FA5B7314600A7C0077D004 /* x_net.c */ = {isa = PBXFileReference; fileEncoding = 4; lastKnownFileType = sourcecode.c.c; path = x_net.c; sourceTree = "<group>"; };
		18FA5B7414600A7C0077D004 /* x_qlist.c */ = {isa = PBXFileReference; fileEncoding = 4; lastKnownFileType = sourcecode.c.c; path = x_qlist.c; sourceTree = "<group>"; };
		18FA5B7514600A7C0077D004 /* x_time.c */ = {isa = PBXFileReference; fileEncoding = 4; lastKnownFileType = sourcecode.c.c; path = x_time.c; sourceTree = "<group>"; };
		18FA5B7714600A7C0077D004 /* ofxPd.cpp */ = {isa = PBXFileReference; fileEncoding = 4; lastKnownFileType = sourcecode.cpp.cpp; path = ofxPd.cpp; sourceTree = "<group>"; };
		18FA5B7814600A7C0077D004 /* ofxPd.h */ = {isa = PBXFileReference; fileEncoding = 4; lastKnownFileType = sourcecode.c.h; path = ofxPd.h; sourceTree = "<group>"; };
		18FA5B7914600A7C0077D004 /* testApp.cpp */ = {isa = PBXFileReference; fileEncoding = 4; lastKnownFileType = sourcecode.cpp.cpp; path = testApp.cpp; sourceTree = "<group>"; };
		18FA5B7A14600A7C0077D004 /* testApp.h */ = {isa = PBXFileReference; fileEncoding = 4; lastKnownFileType = sourcecode.c.h; path = testApp.h; sourceTree = "<group>"; };
		18FA5BCA14600ACA0077D004 /* ofxThread.h */ = {isa = PBXFileReference; fileEncoding = 4; lastKnownFileType = sourcecode.c.h; path = ofxThread.h; sourceTree = "<group>"; };
		BBAB23BE13894E4700AA2426 /* GLUT.framework */ = {isa = PBXFileReference; lastKnownFileType = wrapper.framework; name = GLUT.framework; path = ../../../libs/glut/lib/osx/GLUT.framework; sourceTree = "<group>"; };
		E4328143138ABC890047C5CB /* openFrameworksLib.xcodeproj */ = {isa = PBXFileReference; lastKnownFileType = "wrapper.pb-project"; name = openFrameworksLib.xcodeproj; path = ../../../libs/openFrameworksCompiled/project/osx/openFrameworksLib.xcodeproj; sourceTree = SOURCE_ROOT; };
		E45BE9710E8CC7DD009D7055 /* AGL.framework */ = {isa = PBXFileReference; lastKnownFileType = wrapper.framework; name = AGL.framework; path = /System/Library/Frameworks/AGL.framework; sourceTree = "<absolute>"; };
		E45BE9720E8CC7DD009D7055 /* ApplicationServices.framework */ = {isa = PBXFileReference; lastKnownFileType = wrapper.framework; name = ApplicationServices.framework; path = /System/Library/Frameworks/ApplicationServices.framework; sourceTree = "<absolute>"; };
		E45BE9730E8CC7DD009D7055 /* AudioToolbox.framework */ = {isa = PBXFileReference; lastKnownFileType = wrapper.framework; name = AudioToolbox.framework; path = /System/Library/Frameworks/AudioToolbox.framework; sourceTree = "<absolute>"; };
		E45BE9740E8CC7DD009D7055 /* Carbon.framework */ = {isa = PBXFileReference; lastKnownFileType = wrapper.framework; name = Carbon.framework; path = /System/Library/Frameworks/Carbon.framework; sourceTree = "<absolute>"; };
		E45BE9750E8CC7DD009D7055 /* CoreAudio.framework */ = {isa = PBXFileReference; lastKnownFileType = wrapper.framework; name = CoreAudio.framework; path = /System/Library/Frameworks/CoreAudio.framework; sourceTree = "<absolute>"; };
		E45BE9760E8CC7DD009D7055 /* CoreFoundation.framework */ = {isa = PBXFileReference; lastKnownFileType = wrapper.framework; name = CoreFoundation.framework; path = /System/Library/Frameworks/CoreFoundation.framework; sourceTree = "<absolute>"; };
		E45BE9770E8CC7DD009D7055 /* CoreServices.framework */ = {isa = PBXFileReference; lastKnownFileType = wrapper.framework; name = CoreServices.framework; path = /System/Library/Frameworks/CoreServices.framework; sourceTree = "<absolute>"; };
		E45BE9790E8CC7DD009D7055 /* OpenGL.framework */ = {isa = PBXFileReference; lastKnownFileType = wrapper.framework; name = OpenGL.framework; path = /System/Library/Frameworks/OpenGL.framework; sourceTree = "<absolute>"; };
		E45BE97A0E8CC7DD009D7055 /* QuickTime.framework */ = {isa = PBXFileReference; lastKnownFileType = wrapper.framework; name = QuickTime.framework; path = /System/Library/Frameworks/QuickTime.framework; sourceTree = "<absolute>"; };
		E4B69B5B0A3A1756003C02F2 /* ofxPdExampleDebug.app */ = {isa = PBXFileReference; explicitFileType = wrapper.application; includeInIndex = 0; path = ofxPdExampleDebug.app; sourceTree = BUILT_PRODUCTS_DIR; };
		E4B6FCAD0C3E899E008CF71C /* openFrameworks-Info.plist */ = {isa = PBXFileReference; fileEncoding = 30; lastKnownFileType = text.plist.xml; path = "openFrameworks-Info.plist"; sourceTree = "<group>"; };
		E4C2424410CC5A17004149E2 /* AppKit.framework */ = {isa = PBXFileReference; lastKnownFileType = wrapper.framework; name = AppKit.framework; path = /System/Library/Frameworks/AppKit.framework; sourceTree = "<absolute>"; };
		E4C2424510CC5A17004149E2 /* Cocoa.framework */ = {isa = PBXFileReference; lastKnownFileType = wrapper.framework; name = Cocoa.framework; path = /System/Library/Frameworks/Cocoa.framework; sourceTree = "<absolute>"; };
		E4C2424610CC5A17004149E2 /* IOKit.framework */ = {isa = PBXFileReference; lastKnownFileType = wrapper.framework; name = IOKit.framework; path = /System/Library/Frameworks/IOKit.framework; sourceTree = "<absolute>"; };
		E4EB691F138AFCF100A09F29 /* CoreOF.xcconfig */ = {isa = PBXFileReference; fileEncoding = 4; lastKnownFileType = text.xcconfig; name = CoreOF.xcconfig; path = ../../../libs/openFrameworksCompiled/project/osx/CoreOF.xcconfig; sourceTree = SOURCE_ROOT; };
		E4EB6923138AFD0F00A09F29 /* Project.xcconfig */ = {isa = PBXFileReference; fileEncoding = 4; lastKnownFileType = text.xcconfig; path = Project.xcconfig; sourceTree = "<group>"; };
/* End PBXFileReference section */

/* Begin PBXFrameworksBuildPhase section */
		E4B69B590A3A1756003C02F2 /* Frameworks */ = {
			isa = PBXFrameworksBuildPhase;
			buildActionMask = 2147483647;
			files = (
				E4EB6799138ADC1D00A09F29 /* GLUT.framework in Frameworks */,
				E4328149138ABC9F0047C5CB /* openFrameworksDebug.a in Frameworks */,
				E45BE97B0E8CC7DD009D7055 /* AGL.framework in Frameworks */,
				E45BE97C0E8CC7DD009D7055 /* ApplicationServices.framework in Frameworks */,
				E45BE97D0E8CC7DD009D7055 /* AudioToolbox.framework in Frameworks */,
				E45BE97E0E8CC7DD009D7055 /* Carbon.framework in Frameworks */,
				E45BE97F0E8CC7DD009D7055 /* CoreAudio.framework in Frameworks */,
				E45BE9800E8CC7DD009D7055 /* CoreFoundation.framework in Frameworks */,
				E45BE9810E8CC7DD009D7055 /* CoreServices.framework in Frameworks */,
				E45BE9830E8CC7DD009D7055 /* OpenGL.framework in Frameworks */,
				E45BE9840E8CC7DD009D7055 /* QuickTime.framework in Frameworks */,
				E4C2424710CC5A17004149E2 /* AppKit.framework in Frameworks */,
				E4C2424810CC5A17004149E2 /* Cocoa.framework in Frameworks */,
				E4C2424910CC5A17004149E2 /* IOKit.framework in Frameworks */,
				18FA5AFB1460097F0077D004 /* osc.a in Frameworks */,
			);
			runOnlyForDeploymentPostprocessing = 0;
		};
/* End PBXFrameworksBuildPhase section */

/* Begin PBXGroup section */
		18FA5AD91460097F0077D004 /* ofxOsc */ = {
			isa = PBXGroup;
			children = (
				18FA5ADB1460097F0077D004 /* libs */,
				18FA5AF01460097F0077D004 /* src */,
			);
			name = ofxOsc;
			path = ../../../../of_preRelease_v0062_iphone_FAT/addons/ofxOsc;
			sourceTree = "<group>";
		};
		18FA5ADB1460097F0077D004 /* libs */ = {
			isa = PBXGroup;
			children = (
				18FA5ADC1460097F0077D004 /* oscpack */,
			);
			path = libs;
			sourceTree = "<group>";
		};
		18FA5ADC1460097F0077D004 /* oscpack */ = {
			isa = PBXGroup;
			children = (
				18FA5ADD1460097F0077D004 /* include */,
				18FA5AED1460097F0077D004 /* lib */,
			);
			path = oscpack;
			sourceTree = "<group>";
		};
		18FA5ADD1460097F0077D004 /* include */ = {
			isa = PBXGroup;
			children = (
				18FA5ADE1460097F0077D004 /* ip */,
				18FA5AE41460097F0077D004 /* osc */,
			);
			path = include;
			sourceTree = "<group>";
		};
		18FA5ADE1460097F0077D004 /* ip */ = {
			isa = PBXGroup;
			children = (
				18FA5ADF1460097F0077D004 /* IpEndpointName.h */,
				18FA5AE01460097F0077D004 /* NetworkingUtils.h */,
				18FA5AE11460097F0077D004 /* PacketListener.h */,
				18FA5AE21460097F0077D004 /* TimerListener.h */,
				18FA5AE31460097F0077D004 /* UdpSocket.h */,
			);
			path = ip;
			sourceTree = "<group>";
		};
		18FA5AE41460097F0077D004 /* osc */ = {
			isa = PBXGroup;
			children = (
				18FA5AE51460097F0077D004 /* MessageMappingOscPacketListener.h */,
				18FA5AE61460097F0077D004 /* OscException.h */,
				18FA5AE71460097F0077D004 /* OscHostEndianness.h */,
				18FA5AE81460097F0077D004 /* OscOutboundPacketStream.h */,
				18FA5AE91460097F0077D004 /* OscPacketListener.h */,
				18FA5AEA1460097F0077D004 /* OscPrintReceivedElements.h */,
				18FA5AEB1460097F0077D004 /* OscReceivedElements.h */,
				18FA5AEC1460097F0077D004 /* OscTypes.h */,
			);
			path = osc;
			sourceTree = "<group>";
		};
		18FA5AED1460097F0077D004 /* lib */ = {
			isa = PBXGroup;
			children = (
				18FA5AEE1460097F0077D004 /* osx */,
			);
			path = lib;
			sourceTree = "<group>";
		};
		18FA5AEE1460097F0077D004 /* osx */ = {
			isa = PBXGroup;
			children = (
				18FA5AEF1460097F0077D004 /* osc.a */,
			);
			path = osx;
			sourceTree = "<group>";
		};
		18FA5AF01460097F0077D004 /* src */ = {
			isa = PBXGroup;
			children = (
				18FA5AF11460097F0077D004 /* ofxOsc.h */,
				18FA5AF21460097F0077D004 /* ofxOscArg.h */,
				18FA5AF31460097F0077D004 /* ofxOscBundle.cpp */,
				18FA5AF41460097F0077D004 /* ofxOscBundle.h */,
				18FA5AF51460097F0077D004 /* ofxOscMessage.cpp */,
				18FA5AF61460097F0077D004 /* ofxOscMessage.h */,
				18FA5AF71460097F0077D004 /* ofxOscReceiver.cpp */,
				18FA5AF81460097F0077D004 /* ofxOscReceiver.h */,
				18FA5AF91460097F0077D004 /* ofxOscSender.cpp */,
				18FA5AFA1460097F0077D004 /* ofxOscSender.h */,
			);
			path = src;
			sourceTree = "<group>";
		};
		18FA5B1214600A7C0077D004 /* ofxPd */ = {
			isa = PBXGroup;
			children = (
				18FA5B1314600A7C0077D004 /* libs */,
				18FA5B7614600A7C0077D004 /* src */,
			);
			name = ofxPd;
			path = src/ofxPd;
			sourceTree = "<group>";
		};
		18FA5B1314600A7C0077D004 /* libs */ = {
			isa = PBXGroup;
			children = (
				18FA5B1414600A7C0077D004 /* mrpeach */,
				18FA5B2B14600A7C0077D004 /* pd_src */,
			);
			path = libs;
			sourceTree = "<group>";
		};
		18FA5B1414600A7C0077D004 /* mrpeach */ = {
			isa = PBXGroup;
			children = (
				18FA5B1514600A7C0077D004 /* LICENSE */,
				18FA5B1614600A7C0077D004 /* net */,
				18FA5B1B14600A7C0077D004 /* osc */,
			);
			path = mrpeach;
			sourceTree = "<group>";
		};
		18FA5B1614600A7C0077D004 /* net */ = {
			isa = PBXGroup;
			children = (
				18FA5B1714600A7C0077D004 /* udpreceive-help.pd */,
				18FA5B1814600A7C0077D004 /* udpreceive.c */,
				18FA5B1914600A7C0077D004 /* udpsend-help.pd */,
				18FA5B1A14600A7C0077D004 /* udpsend.c */,
			);
			path = net;
			sourceTree = "<group>";
		};
		18FA5B1B14600A7C0077D004 /* osc */ = {
			isa = PBXGroup;
			children = (
				18FA5B1C14600A7C0077D004 /* packOSC-help.pd */,
				18FA5B1D14600A7C0077D004 /* packOSC.c */,
				18FA5B1E14600A7C0077D004 /* packOSCstream-help.pd */,
				18FA5B1F14600A7C0077D004 /* packOSCstream.pd */,
				18FA5B2014600A7C0077D004 /* pipelist-help.pd */,
				18FA5B2114600A7C0077D004 /* pipelist.c */,
				18FA5B2214600A7C0077D004 /* routeOSC-help.pd */,
				18FA5B2314600A7C0077D004 /* routeOSC.c */,
				18FA5B2414600A7C0077D004 /* tcpsocket.FUDI.pd */,
				18FA5B2514600A7C0077D004 /* tcpsocket.OSC.pd */,
				18FA5B2614600A7C0077D004 /* tcpsocketserver-help.pd */,
				18FA5B2714600A7C0077D004 /* tcpsocketserver.pd */,
				18FA5B2814600A7C0077D004 /* unpackOSC.c */,
				18FA5B2914600A7C0077D004 /* unpackOSCstream-help.pd */,
				18FA5B2A14600A7C0077D004 /* unpackOSCstream.pd */,
			);
			path = osc;
			sourceTree = "<group>";
		};
		18FA5B2B14600A7C0077D004 /* pd_src */ = {
			isa = PBXGroup;
			children = (
				18FA5B2C14600A7C0077D004 /* d_arithmetic.c */,
				18FA5B2D14600A7C0077D004 /* d_array.c */,
				18FA5B2E14600A7C0077D004 /* d_ctl.c */,
				18FA5B2F14600A7C0077D004 /* d_dac.c */,
				18FA5B3014600A7C0077D004 /* d_delay.c */,
				18FA5B3114600A7C0077D004 /* d_fft.c */,
				18FA5B3214600A7C0077D004 /* d_fft_mayer.c */,
				18FA5B3314600A7C0077D004 /* d_fftroutine.c */,
				18FA5B3414600A7C0077D004 /* d_fftsg_h.c */,
				18FA5B3514600A7C0077D004 /* d_filter.c */,
				18FA5B3614600A7C0077D004 /* d_global.c */,
				18FA5B3714600A7C0077D004 /* d_math.c */,
				18FA5B3814600A7C0077D004 /* d_misc.c */,
				18FA5B3914600A7C0077D004 /* d_osc.c */,
				18FA5B3A14600A7C0077D004 /* d_resample.c */,
				18FA5B3B14600A7C0077D004 /* d_soundfile.c */,
				18FA5B3C14600A7C0077D004 /* d_soundout.c */,
				18FA5B3D14600A7C0077D004 /* d_ugen.c */,
				18FA5B3E14600A7C0077D004 /* g_all_guis.c */,
				18FA5B3F14600A7C0077D004 /* g_all_guis.h */,
				18FA5B4014600A7C0077D004 /* g_array.c */,
				18FA5B4114600A7C0077D004 /* g_bang.c */,
				18FA5B4214600A7C0077D004 /* g_canvas.c */,
				18FA5B4314600A7C0077D004 /* g_canvas.h */,
				18FA5B4414600A7C0077D004 /* g_editor.c */,
				18FA5B4514600A7C0077D004 /* g_graph.c */,
				18FA5B4614600A7C0077D004 /* g_guiconnect.c */,
				18FA5B4714600A7C0077D004 /* g_hdial.c */,
				18FA5B4814600A7C0077D004 /* g_hslider.c */,
				18FA5B4914600A7C0077D004 /* g_io.c */,
				18FA5B4A14600A7C0077D004 /* g_mycanvas.c */,
				18FA5B4B14600A7C0077D004 /* g_numbox.c */,
				18FA5B4C14600A7C0077D004 /* g_readwrite.c */,
				18FA5B4D14600A7C0077D004 /* g_rtext.c */,
				18FA5B4E14600A7C0077D004 /* g_scalar.c */,
				18FA5B4F14600A7C0077D004 /* g_template.c */,
				18FA5B5014600A7C0077D004 /* g_text.c */,
				18FA5B5114600A7C0077D004 /* g_toggle.c */,
				18FA5B5214600A7C0077D004 /* g_traversal.c */,
				18FA5B5314600A7C0077D004 /* g_vdial.c */,
				18FA5B5414600A7C0077D004 /* g_vslider.c */,
				18FA5B5514600A7C0077D004 /* g_vumeter.c */,
				18FA5B5614600A7C0077D004 /* LICENSE.txt */,
				18FA5B5714600A7C0077D004 /* m_atom.c */,
				18FA5B5814600A7C0077D004 /* m_binbuf.c */,
				18FA5B5914600A7C0077D004 /* m_class.c */,
				18FA5B5A14600A7C0077D004 /* m_conf.c */,
				18FA5B5B14600A7C0077D004 /* m_glob.c */,
				18FA5B5C14600A7C0077D004 /* m_imp.h */,
				18FA5B5D14600A7C0077D004 /* m_memory.c */,
				18FA5B5E14600A7C0077D004 /* m_obj.c */,
				18FA5B5F14600A7C0077D004 /* m_pd.c */,
				18FA5B6014600A7C0077D004 /* m_pd.h */,
				18FA5B6114600A7C0077D004 /* m_sched.c */,
				18FA5B6214600A7C0077D004 /* notes.txt */,
				18FA5B6314600A7C0077D004 /* s_inter.c */,
				18FA5B6414600A7C0077D004 /* s_loader.c */,
				18FA5B6514600A7C0077D004 /* s_main.c */,
				18FA5B6614600A7C0077D004 /* s_main.h */,
				18FA5B6714600A7C0077D004 /* s_path.c */,
				18FA5B6814600A7C0077D004 /* s_print.c */,
				18FA5B6914600A7C0077D004 /* s_stuff.h */,
				18FA5B6A14600A7C0077D004 /* t_tk.h */,
				18FA5B6B14600A7C0077D004 /* x_acoustics.c */,
				18FA5B6C14600A7C0077D004 /* x_arithmetic.c */,
				18FA5B6D14600A7C0077D004 /* x_connective.c */,
				18FA5B6E14600A7C0077D004 /* x_gui.c */,
				18FA5B6F14600A7C0077D004 /* x_interface.c */,
				18FA5B7014600A7C0077D004 /* x_list.c */,
				18FA5B7114600A7C0077D004 /* x_midi.c */,
				18FA5B7214600A7C0077D004 /* x_misc.c */,
				18FA5B7314600A7C0077D004 /* x_net.c */,
				18FA5B7414600A7C0077D004 /* x_qlist.c */,
				18FA5B7514600A7C0077D004 /* x_time.c */,
			);
			path = pd_src;
			sourceTree = "<group>";
		};
		18FA5B7614600A7C0077D004 /* src */ = {
			isa = PBXGroup;
			children = (
				18FA5B7714600A7C0077D004 /* ofxPd.cpp */,
				18FA5B7814600A7C0077D004 /* ofxPd.h */,
			);
			path = src;
			sourceTree = "<group>";
		};
		18FA5BC814600ACA0077D004 /* ofxThread */ = {
			isa = PBXGroup;
			children = (
				18FA5BC914600ACA0077D004 /* src */,
			);
			name = ofxThread;
			path = ../../../addons/ofxThread;
			sourceTree = "<group>";
		};
		18FA5BC914600ACA0077D004 /* src */ = {
			isa = PBXGroup;
			children = (
				18FA5BCA14600ACA0077D004 /* ofxThread.h */,
			);
			path = src;
			sourceTree = "<group>";
		};
		BB4B014C10F69532006C3DED /* addons */ = {
			isa = PBXGroup;
			children = (
				18FA5B1214600A7C0077D004 /* ofxPd */,
				18FA5BC814600ACA0077D004 /* ofxThread */,
				18FA5AD91460097F0077D004 /* ofxOsc */,
			);
			name = addons;
			sourceTree = "<group>";
		};
		BBAB23C913894ECA00AA2426 /* system frameworks */ = {
			isa = PBXGroup;
			children = (
				E4C2424410CC5A17004149E2 /* AppKit.framework */,
				E4C2424510CC5A17004149E2 /* Cocoa.framework */,
				E4C2424610CC5A17004149E2 /* IOKit.framework */,
				E45BE9710E8CC7DD009D7055 /* AGL.framework */,
				E45BE9720E8CC7DD009D7055 /* ApplicationServices.framework */,
				E45BE9730E8CC7DD009D7055 /* AudioToolbox.framework */,
				E45BE9740E8CC7DD009D7055 /* Carbon.framework */,
				E45BE9750E8CC7DD009D7055 /* CoreAudio.framework */,
				E45BE9760E8CC7DD009D7055 /* CoreFoundation.framework */,
				E45BE9770E8CC7DD009D7055 /* CoreServices.framework */,
				E45BE9790E8CC7DD009D7055 /* OpenGL.framework */,
				E45BE97A0E8CC7DD009D7055 /* QuickTime.framework */,
			);
			name = "system frameworks";
			sourceTree = "<group>";
		};
		BBAB23CA13894EDB00AA2426 /* 3rd party frameworks */ = {
			isa = PBXGroup;
			children = (
				BBAB23BE13894E4700AA2426 /* GLUT.framework */,
			);
			name = "3rd party frameworks";
			sourceTree = "<group>";
		};
		E4328144138ABC890047C5CB /* Products */ = {
			isa = PBXGroup;
			children = (
				E4328148138ABC890047C5CB /* openFrameworksDebug.a */,
			);
			name = Products;
			sourceTree = "<group>";
		};
		E45BE5980E8CC70C009D7055 /* frameworks */ = {
			isa = PBXGroup;
			children = (
				BBAB23CA13894EDB00AA2426 /* 3rd party frameworks */,
				BBAB23C913894ECA00AA2426 /* system frameworks */,
			);
			name = frameworks;
			sourceTree = "<group>";
		};
		E4B69B4A0A3A1720003C02F2 = {
			isa = PBXGroup;
			children = (
				E4B6FCAD0C3E899E008CF71C /* openFrameworks-Info.plist */,
				E4EB6923138AFD0F00A09F29 /* Project.xcconfig */,
				E4B69E1C0A3A1BDC003C02F2 /* src */,
				E4EEC9E9138DF44700A80321 /* openFrameworks */,
				BB4B014C10F69532006C3DED /* addons */,
				E45BE5980E8CC70C009D7055 /* frameworks */,
				E4B69B5B0A3A1756003C02F2 /* ofxPdExampleDebug.app */,
			);
			sourceTree = "<group>";
		};
		E4B69E1C0A3A1BDC003C02F2 /* src */ = {
			isa = PBXGroup;
			children = (
				18FA5B1114600A7C0077D004 /* main.cpp */,
				18FA5B7A14600A7C0077D004 /* testApp.h */,
				18FA5B7914600A7C0077D004 /* testApp.cpp */,
			);
			path = src;
			sourceTree = SOURCE_ROOT;
		};
		E4EEC9E9138DF44700A80321 /* openFrameworks */ = {
			isa = PBXGroup;
			children = (
				E4EB691F138AFCF100A09F29 /* CoreOF.xcconfig */,
				E4328143138ABC890047C5CB /* openFrameworksLib.xcodeproj */,
			);
			name = openFrameworks;
			sourceTree = "<group>";
		};
/* End PBXGroup section */

/* Begin PBXNativeTarget section */
		E4B69B5A0A3A1756003C02F2 /* ofxPdExample */ = {
			isa = PBXNativeTarget;
			buildConfigurationList = E4B69B5F0A3A1757003C02F2 /* Build configuration list for PBXNativeTarget "ofxPdExample" */;
			buildPhases = (
				E4B69B580A3A1756003C02F2 /* Sources */,
				E4B69B590A3A1756003C02F2 /* Frameworks */,
				E4B6FFFD0C3F9AB9008CF71C /* ShellScript */,
				E4C2427710CC5ABF004149E2 /* CopyFiles */,
			);
			buildRules = (
			);
			dependencies = (
				E4EEB9AC138B136A00A80321 /* PBXTargetDependency */,
			);
			name = ofxPdExample;
			productName = myOFApp;
			productReference = E4B69B5B0A3A1756003C02F2 /* ofxPdExampleDebug.app */;
			productType = "com.apple.product-type.application";
		};
/* End PBXNativeTarget section */

/* Begin PBXProject section */
		E4B69B4C0A3A1720003C02F2 /* Project object */ = {
			isa = PBXProject;
			buildConfigurationList = E4B69B4D0A3A1720003C02F2 /* Build configuration list for PBXProject "ofxPdExample" */;
			compatibilityVersion = "Xcode 2.4";
			developmentRegion = English;
			hasScannedForEncodings = 0;
			knownRegions = (
				English,
				Japanese,
				French,
				German,
			);
			mainGroup = E4B69B4A0A3A1720003C02F2;
			productRefGroup = E4B69B4A0A3A1720003C02F2;
			projectDirPath = "";
			projectReferences = (
				{
					ProductGroup = E4328144138ABC890047C5CB /* Products */;
					ProjectRef = E4328143138ABC890047C5CB /* openFrameworksLib.xcodeproj */;
				},
			);
			projectRoot = "";
			targets = (
				E4B69B5A0A3A1756003C02F2 /* ofxPdExample */,
			);
		};
/* End PBXProject section */

/* Begin PBXReferenceProxy section */
		E4328148138ABC890047C5CB /* openFrameworksDebug.a */ = {
			isa = PBXReferenceProxy;
			fileType = archive.ar;
			path = openFrameworksDebug.a;
			remoteRef = E4328147138ABC890047C5CB /* PBXContainerItemProxy */;
			sourceTree = BUILT_PRODUCTS_DIR;
		};
/* End PBXReferenceProxy section */

/* Begin PBXShellScriptBuildPhase section */
		E4B6FFFD0C3F9AB9008CF71C /* ShellScript */ = {
			isa = PBXShellScriptBuildPhase;
			buildActionMask = 2147483647;
			files = (
			);
			inputPaths = (
			);
			outputPaths = (
			);
			runOnlyForDeploymentPostprocessing = 0;
			shellPath = /bin/sh;
			shellScript = "cp -f ../../../libs/fmodex/lib/osx/libfmodex.dylib \"$TARGET_BUILD_DIR/$PRODUCT_NAME.app/Contents/MacOS/libfmodex.dylib\"; install_name_tool -change ./libfmodex.dylib @executable_path/libfmodex.dylib \"$TARGET_BUILD_DIR/$PRODUCT_NAME.app/Contents/MacOS/$PRODUCT_NAME\";";
		};
/* End PBXShellScriptBuildPhase section */

/* Begin PBXSourcesBuildPhase section */
		E4B69B580A3A1756003C02F2 /* Sources */ = {
			isa = PBXSourcesBuildPhase;
			buildActionMask = 2147483647;
			files = (
				18FA5AFC1460097F0077D004 /* ofxOscBundle.cpp in Sources */,
				18FA5AFD1460097F0077D004 /* ofxOscMessage.cpp in Sources */,
				18FA5AFE1460097F0077D004 /* ofxOscReceiver.cpp in Sources */,
				18FA5AFF1460097F0077D004 /* ofxOscSender.cpp in Sources */,
				18FA5B7B14600A7C0077D004 /* main.cpp in Sources */,
				18FA5B7C14600A7C0077D004 /* udpreceive.c in Sources */,
				18FA5B7D14600A7C0077D004 /* udpsend.c in Sources */,
				18FA5B7E14600A7C0077D004 /* packOSC.c in Sources */,
				18FA5B7F14600A7C0077D004 /* pipelist.c in Sources */,
				18FA5B8014600A7C0077D004 /* routeOSC.c in Sources */,
				18FA5B8114600A7C0077D004 /* unpackOSC.c in Sources */,
				18FA5B8214600A7C0077D004 /* d_arithmetic.c in Sources */,
				18FA5B8314600A7C0077D004 /* d_array.c in Sources */,
				18FA5B8414600A7C0077D004 /* d_ctl.c in Sources */,
				18FA5B8514600A7C0077D004 /* d_dac.c in Sources */,
				18FA5B8614600A7C0077D004 /* d_delay.c in Sources */,
				18FA5B8714600A7C0077D004 /* d_fft.c in Sources */,
				18FA5B8814600A7C0077D004 /* d_fft_mayer.c in Sources */,
				18FA5B8914600A7C0077D004 /* d_fftroutine.c in Sources */,
				18FA5B8A14600A7C0077D004 /* d_fftsg_h.c in Sources */,
				18FA5B8B14600A7C0077D004 /* d_filter.c in Sources */,
				18FA5B8C14600A7C0077D004 /* d_global.c in Sources */,
				18FA5B8D14600A7C0077D004 /* d_math.c in Sources */,
				18FA5B8E14600A7C0077D004 /* d_misc.c in Sources */,
				18FA5B8F14600A7C0077D004 /* d_osc.c in Sources */,
				18FA5B9014600A7C0077D004 /* d_resample.c in Sources */,
				18FA5B9114600A7C0077D004 /* d_soundfile.c in Sources */,
				18FA5B9214600A7C0077D004 /* d_soundout.c in Sources */,
				18FA5B9314600A7C0077D004 /* d_ugen.c in Sources */,
				18FA5B9414600A7C0077D004 /* g_all_guis.c in Sources */,
				18FA5B9514600A7C0077D004 /* g_array.c in Sources */,
				18FA5B9614600A7C0077D004 /* g_bang.c in Sources */,
				18FA5B9714600A7C0077D004 /* g_canvas.c in Sources */,
				18FA5B9814600A7C0077D004 /* g_editor.c in Sources */,
				18FA5B9914600A7C0077D004 /* g_graph.c in Sources */,
				18FA5B9A14600A7C0077D004 /* g_guiconnect.c in Sources */,
				18FA5B9B14600A7C0077D004 /* g_hdial.c in Sources */,
				18FA5B9C14600A7C0077D004 /* g_hslider.c in Sources */,
				18FA5B9D14600A7C0077D004 /* g_io.c in Sources */,
				18FA5B9E14600A7C0077D004 /* g_mycanvas.c in Sources */,
				18FA5B9F14600A7C0077D004 /* g_numbox.c in Sources */,
				18FA5BA014600A7C0077D004 /* g_readwrite.c in Sources */,
				18FA5BA114600A7C0077D004 /* g_rtext.c in Sources */,
				18FA5BA214600A7C0077D004 /* g_scalar.c in Sources */,
				18FA5BA314600A7C0077D004 /* g_template.c in Sources */,
				18FA5BA414600A7C0077D004 /* g_text.c in Sources */,
				18FA5BA514600A7C0077D004 /* g_toggle.c in Sources */,
				18FA5BA614600A7C0077D004 /* g_traversal.c in Sources */,
				18FA5BA714600A7C0077D004 /* g_vdial.c in Sources */,
				18FA5BA814600A7C0077D004 /* g_vslider.c in Sources */,
				18FA5BA914600A7C0077D004 /* g_vumeter.c in Sources */,
				18FA5BAA14600A7C0077D004 /* m_atom.c in Sources */,
				18FA5BAB14600A7C0077D004 /* m_binbuf.c in Sources */,
				18FA5BAC14600A7C0077D004 /* m_class.c in Sources */,
				18FA5BAD14600A7C0077D004 /* m_conf.c in Sources */,
				18FA5BAE14600A7C0077D004 /* m_glob.c in Sources */,
				18FA5BAF14600A7C0077D004 /* m_memory.c in Sources */,
				18FA5BB014600A7C0077D004 /* m_obj.c in Sources */,
				18FA5BB114600A7C0077D004 /* m_pd.c in Sources */,
				18FA5BB214600A7C0077D004 /* m_sched.c in Sources */,
				18FA5BB314600A7C0077D004 /* s_inter.c in Sources */,
				18FA5BB414600A7C0077D004 /* s_loader.c in Sources */,
				18FA5BB514600A7C0077D004 /* s_main.c in Sources */,
				18FA5BB614600A7C0077D004 /* s_path.c in Sources */,
				18FA5BB714600A7C0077D004 /* s_print.c in Sources */,
				18FA5BB814600A7C0077D004 /* x_acoustics.c in Sources */,
				18FA5BB914600A7C0077D004 /* x_arithmetic.c in Sources */,
				18FA5BBA14600A7C0077D004 /* x_connective.c in Sources */,
				18FA5BBB14600A7C0077D004 /* x_gui.c in Sources */,
				18FA5BBC14600A7C0077D004 /* x_interface.c in Sources */,
				18FA5BBD14600A7C0077D004 /* x_list.c in Sources */,
				18FA5BBE14600A7C0077D004 /* x_midi.c in Sources */,
				18FA5BBF14600A7C0077D004 /* x_misc.c in Sources */,
				18FA5BC014600A7C0077D004 /* x_net.c in Sources */,
				18FA5BC114600A7C0077D004 /* x_qlist.c in Sources */,
				18FA5BC214600A7C0077D004 /* x_time.c in Sources */,
				18FA5BC314600A7C0077D004 /* ofxPd.cpp in Sources */,
				18FA5BC414600A7C0077D004 /* testApp.cpp in Sources */,
			);
			runOnlyForDeploymentPostprocessing = 0;
		};
/* End PBXSourcesBuildPhase section */

/* Begin PBXTargetDependency section */
		E4EEB9AC138B136A00A80321 /* PBXTargetDependency */ = {
			isa = PBXTargetDependency;
			name = openFrameworks;
			targetProxy = E4EEB9AB138B136A00A80321 /* PBXContainerItemProxy */;
		};
/* End PBXTargetDependency section */

/* Begin XCBuildConfiguration section */
		E4B69B4E0A3A1720003C02F2 /* Debug */ = {
			isa = XCBuildConfiguration;
			baseConfigurationReference = E4EB6923138AFD0F00A09F29 /* Project.xcconfig */;
			buildSettings = {
				ARCHS = "$(NATIVE_ARCH)";
				CONFIGURATION_BUILD_DIR = "$(SRCROOT)/bin/";
				COPY_PHASE_STRIP = NO;
				DEAD_CODE_STRIPPING = YES;
				GCC_AUTO_VECTORIZATION = YES;
				GCC_ENABLE_SSE3_EXTENSIONS = YES;
				GCC_ENABLE_SUPPLEMENTAL_SSE3_INSTRUCTIONS = YES;
				GCC_INLINES_ARE_PRIVATE_EXTERN = NO;
				GCC_MODEL_TUNING = G5;
				GCC_SYMBOLS_PRIVATE_EXTERN = NO;
				GCC_WARN_ABOUT_DEPRECATED_FUNCTIONS = NO;
				GCC_WARN_ABOUT_INVALID_OFFSETOF_MACRO = NO;
				GCC_WARN_ALLOW_INCOMPLETE_PROTOCOL = NO;
				GCC_WARN_UNINITIALIZED_AUTOS = NO;
				GCC_WARN_UNUSED_VALUE = NO;
				GCC_WARN_UNUSED_VARIABLE = NO;
				OTHER_CPLUSPLUSFLAGS = (
					"-D__MACOSX_CORE__",
					"-lpthread",
				);
			};
			name = Debug;
		};
		E4B69B4F0A3A1720003C02F2 /* Release */ = {
			isa = XCBuildConfiguration;
			baseConfigurationReference = E4EB6923138AFD0F00A09F29 /* Project.xcconfig */;
			buildSettings = {
				ARCHS = "$(NATIVE_ARCH)";
				CONFIGURATION_BUILD_DIR = "$(SRCROOT)/bin/";
				COPY_PHASE_STRIP = YES;
				DEAD_CODE_STRIPPING = YES;
				GCC_AUTO_VECTORIZATION = YES;
				GCC_ENABLE_SSE3_EXTENSIONS = YES;
				GCC_ENABLE_SUPPLEMENTAL_SSE3_INSTRUCTIONS = YES;
				GCC_INLINES_ARE_PRIVATE_EXTERN = NO;
				GCC_MODEL_TUNING = G5;
				GCC_OPTIMIZATION_LEVEL = 3;
				GCC_SYMBOLS_PRIVATE_EXTERN = NO;
				GCC_UNROLL_LOOPS = YES;
				GCC_WARN_ABOUT_DEPRECATED_FUNCTIONS = NO;
				GCC_WARN_ABOUT_INVALID_OFFSETOF_MACRO = NO;
				GCC_WARN_ALLOW_INCOMPLETE_PROTOCOL = NO;
				GCC_WARN_UNINITIALIZED_AUTOS = NO;
				GCC_WARN_UNUSED_VALUE = NO;
				GCC_WARN_UNUSED_VARIABLE = NO;
				OTHER_CPLUSPLUSFLAGS = (
					"-D__MACOSX_CORE__",
					"-lpthread",
				);
			};
			name = Release;
		};
		E4B69B600A3A1757003C02F2 /* Debug */ = {
			isa = XCBuildConfiguration;
			buildSettings = {
				COPY_PHASE_STRIP = NO;
				FRAMEWORK_SEARCH_PATHS = (
					"$(inherited)",
					"$(FRAMEWORK_SEARCH_PATHS_QUOTED_FOR_TARGET_1)",
				);
				FRAMEWORK_SEARCH_PATHS_QUOTED_FOR_TARGET_1 = "\"$(SRCROOT)/../../../libs/glut/lib/osx\"";
				GCC_DYNAMIC_NO_PIC = NO;
				GCC_ENABLE_FIX_AND_CONTINUE = YES;
				GCC_GENERATE_DEBUGGING_SYMBOLS = YES;
				GCC_MODEL_TUNING = G4;
				GCC_PRECOMPILE_PREFIX_HEADER = YES;
				GCC_PREFIX_HEADER = "$(SYSTEM_LIBRARY_DIR)/Frameworks/Carbon.framework/Headers/Carbon.h";
				INFOPLIST_FILE = "openFrameworks-Info.plist";
				INSTALL_PATH = "$(HOME)/Applications";
				LIBRARY_SEARCH_PATHS = (
					"$(inherited)",
					"$(LIBRARY_SEARCH_PATHS_QUOTED_FOR_TARGET_1)",
					"$(LIBRARY_SEARCH_PATHS_QUOTED_FOR_TARGET_2)",
					"$(LIBRARY_SEARCH_PATHS_QUOTED_FOR_TARGET_3)",
					"$(LIBRARY_SEARCH_PATHS_QUOTED_FOR_TARGET_4)",
					"$(LIBRARY_SEARCH_PATHS_QUOTED_FOR_TARGET_5)",
					"$(LIBRARY_SEARCH_PATHS_QUOTED_FOR_TARGET_6)",
					"$(LIBRARY_SEARCH_PATHS_QUOTED_FOR_TARGET_7)",
					"$(LIBRARY_SEARCH_PATHS_QUOTED_FOR_TARGET_8)",
					"$(LIBRARY_SEARCH_PATHS_QUOTED_FOR_TARGET_9)",
					"$(LIBRARY_SEARCH_PATHS_QUOTED_FOR_TARGET_10)",
					"$(LIBRARY_SEARCH_PATHS_QUOTED_FOR_TARGET_11)",
					"$(LIBRARY_SEARCH_PATHS_QUOTED_FOR_TARGET_12)",
					"$(LIBRARY_SEARCH_PATHS_QUOTED_FOR_TARGET_13)",
					"$(LIBRARY_SEARCH_PATHS_QUOTED_FOR_TARGET_14)",
					"$(LIBRARY_SEARCH_PATHS_QUOTED_FOR_TARGET_15)",
					"$(LIBRARY_SEARCH_PATHS_QUOTED_FOR_TARGET_2)",
					"$(LIBRARY_SEARCH_PATHS_QUOTED_FOR_TARGET_3)",
					"$(LIBRARY_SEARCH_PATHS_QUOTED_FOR_TARGET_7)",
					"$(LIBRARY_SEARCH_PATHS_QUOTED_FOR_TARGET_8)",
					"$(LIBRARY_SEARCH_PATHS_QUOTED_FOR_TARGET_9)",
					"$(LIBRARY_SEARCH_PATHS_QUOTED_FOR_TARGET_10)",
					"$(LIBRARY_SEARCH_PATHS_QUOTED_FOR_TARGET_11)",
					"$(LIBRARY_SEARCH_PATHS_QUOTED_FOR_TARGET_12)",
					"$(LIBRARY_SEARCH_PATHS_QUOTED_FOR_TARGET_13)",
					"$(LIBRARY_SEARCH_PATHS_QUOTED_FOR_TARGET_16)",
					"$(LIBRARY_SEARCH_PATHS_QUOTED_FOR_TARGET_17)",
					"$(LIBRARY_SEARCH_PATHS_QUOTED_FOR_TARGET_18)",
					"$(LIBRARY_SEARCH_PATHS_QUOTED_FOR_TARGET_19)",
					"$(LIBRARY_SEARCH_PATHS_QUOTED_FOR_TARGET_20)",
					"$(LIBRARY_SEARCH_PATHS_QUOTED_FOR_TARGET_21)",
					"$(LIBRARY_SEARCH_PATHS_QUOTED_FOR_TARGET_22)",
					"$(LIBRARY_SEARCH_PATHS_QUOTED_FOR_TARGET_23)",
					"$(LIBRARY_SEARCH_PATHS_QUOTED_FOR_TARGET_24)",
					"$(LIBRARY_SEARCH_PATHS_QUOTED_FOR_TARGET_25)",
					"$(LIBRARY_SEARCH_PATHS_QUOTED_FOR_TARGET_26)",
					"$(LIBRARY_SEARCH_PATHS_QUOTED_FOR_TARGET_27)",
					"$(LIBRARY_SEARCH_PATHS_QUOTED_FOR_TARGET_28)",
					"$(LIBRARY_SEARCH_PATHS_QUOTED_FOR_TARGET_29)",
					"$(LIBRARY_SEARCH_PATHS_QUOTED_FOR_TARGET_30)",
					"$(LIBRARY_SEARCH_PATHS_QUOTED_FOR_TARGET_31)",
					"$(LIBRARY_SEARCH_PATHS_QUOTED_FOR_TARGET_32)",
					"$(LIBRARY_SEARCH_PATHS_QUOTED_FOR_TARGET_33)",
					"$(LIBRARY_SEARCH_PATHS_QUOTED_FOR_TARGET_34)",
					"$(LIBRARY_SEARCH_PATHS_QUOTED_FOR_TARGET_35)",
					"$(LIBRARY_SEARCH_PATHS_QUOTED_FOR_TARGET_36)",
					"$(LIBRARY_SEARCH_PATHS_QUOTED_FOR_TARGET_37)",
					"$(LIBRARY_SEARCH_PATHS_QUOTED_FOR_TARGET_38)",
					"$(LIBRARY_SEARCH_PATHS_QUOTED_FOR_TARGET_39)",
					"$(LIBRARY_SEARCH_PATHS_QUOTED_FOR_TARGET_40)",
					"$(LIBRARY_SEARCH_PATHS_QUOTED_FOR_TARGET_41)",
					"$(LIBRARY_SEARCH_PATHS_QUOTED_FOR_TARGET_42)",
					"$(LIBRARY_SEARCH_PATHS_QUOTED_FOR_TARGET_43)",
					"$(LIBRARY_SEARCH_PATHS_QUOTED_FOR_TARGET_44)",
					"$(LIBRARY_SEARCH_PATHS_QUOTED_FOR_TARGET_45)",
					"$(LIBRARY_SEARCH_PATHS_QUOTED_FOR_TARGET_46)",
					"$(LIBRARY_SEARCH_PATHS_QUOTED_FOR_TARGET_47)",
					"$(LIBRARY_SEARCH_PATHS_QUOTED_FOR_TARGET_48)",
					"$(LIBRARY_SEARCH_PATHS_QUOTED_FOR_TARGET_49)",
					"$(LIBRARY_SEARCH_PATHS_QUOTED_FOR_TARGET_50)",
					"$(LIBRARY_SEARCH_PATHS_QUOTED_FOR_TARGET_51)",
					"$(LIBRARY_SEARCH_PATHS_QUOTED_FOR_TARGET_52)",
					"$(LIBRARY_SEARCH_PATHS_QUOTED_FOR_TARGET_1)",
				);
				LIBRARY_SEARCH_PATHS_QUOTED_FOR_TARGET_1 = "\"$(SRCROOT)/../../../../of_preRelease_v0062_iphone_FAT/addons/ofxOsc/libs/oscpack/lib/osx\"";
				PREBINDING = NO;
				PRODUCT_NAME = ofxPdExampleDebug;
				WRAPPER_EXTENSION = app;
			};
			name = Debug;
		};
		E4B69B610A3A1757003C02F2 /* Release */ = {
			isa = XCBuildConfiguration;
			buildSettings = {
				COPY_PHASE_STRIP = YES;
				FRAMEWORK_SEARCH_PATHS = (
					"$(inherited)",
					"$(FRAMEWORK_SEARCH_PATHS_QUOTED_FOR_TARGET_1)",
				);
				FRAMEWORK_SEARCH_PATHS_QUOTED_FOR_TARGET_1 = "\"$(SRCROOT)/../../../libs/glut/lib/osx\"";
				GCC_ENABLE_FIX_AND_CONTINUE = NO;
				GCC_GENERATE_DEBUGGING_SYMBOLS = NO;
				GCC_MODEL_TUNING = G4;
				GCC_PRECOMPILE_PREFIX_HEADER = YES;
				GCC_PREFIX_HEADER = "$(SYSTEM_LIBRARY_DIR)/Frameworks/Carbon.framework/Headers/Carbon.h";
				INFOPLIST_FILE = "openFrameworks-Info.plist";
				INSTALL_PATH = "$(HOME)/Applications";
				LIBRARY_SEARCH_PATHS = (
					"$(inherited)",
					"$(LIBRARY_SEARCH_PATHS_QUOTED_FOR_TARGET_1)",
					"$(LIBRARY_SEARCH_PATHS_QUOTED_FOR_TARGET_2)",
					"$(LIBRARY_SEARCH_PATHS_QUOTED_FOR_TARGET_3)",
					"$(LIBRARY_SEARCH_PATHS_QUOTED_FOR_TARGET_4)",
					"$(LIBRARY_SEARCH_PATHS_QUOTED_FOR_TARGET_5)",
					"$(LIBRARY_SEARCH_PATHS_QUOTED_FOR_TARGET_6)",
					"$(LIBRARY_SEARCH_PATHS_QUOTED_FOR_TARGET_7)",
					"$(LIBRARY_SEARCH_PATHS_QUOTED_FOR_TARGET_8)",
					"$(LIBRARY_SEARCH_PATHS_QUOTED_FOR_TARGET_9)",
					"$(LIBRARY_SEARCH_PATHS_QUOTED_FOR_TARGET_10)",
					"$(LIBRARY_SEARCH_PATHS_QUOTED_FOR_TARGET_11)",
					"$(LIBRARY_SEARCH_PATHS_QUOTED_FOR_TARGET_12)",
					"$(LIBRARY_SEARCH_PATHS_QUOTED_FOR_TARGET_13)",
					"$(LIBRARY_SEARCH_PATHS_QUOTED_FOR_TARGET_14)",
					"$(LIBRARY_SEARCH_PATHS_QUOTED_FOR_TARGET_15)",
					"$(LIBRARY_SEARCH_PATHS_QUOTED_FOR_TARGET_2)",
					"$(LIBRARY_SEARCH_PATHS_QUOTED_1)",
					"$(LIBRARY_SEARCH_PATHS_QUOTED_FOR_TARGET_3)",
					"$(LIBRARY_SEARCH_PATHS_QUOTED_FOR_TARGET_7)",
					"$(LIBRARY_SEARCH_PATHS_QUOTED_FOR_TARGET_8)",
					"$(LIBRARY_SEARCH_PATHS_QUOTED_FOR_TARGET_9)",
					"$(LIBRARY_SEARCH_PATHS_QUOTED_FOR_TARGET_10)",
					"$(LIBRARY_SEARCH_PATHS_QUOTED_FOR_TARGET_11)",
					"$(LIBRARY_SEARCH_PATHS_QUOTED_FOR_TARGET_12)",
					"$(LIBRARY_SEARCH_PATHS_QUOTED_FOR_TARGET_13)",
					"$(LIBRARY_SEARCH_PATHS_QUOTED_FOR_TARGET_16)",
					"$(LIBRARY_SEARCH_PATHS_QUOTED_FOR_TARGET_17)",
					"$(LIBRARY_SEARCH_PATHS_QUOTED_FOR_TARGET_18)",
					"$(LIBRARY_SEARCH_PATHS_QUOTED_FOR_TARGET_19)",
					"$(LIBRARY_SEARCH_PATHS_QUOTED_FOR_TARGET_20)",
					"$(LIBRARY_SEARCH_PATHS_QUOTED_FOR_TARGET_21)",
					"$(LIBRARY_SEARCH_PATHS_QUOTED_FOR_TARGET_22)",
					"$(LIBRARY_SEARCH_PATHS_QUOTED_FOR_TARGET_23)",
					"$(LIBRARY_SEARCH_PATHS_QUOTED_FOR_TARGET_24)",
					"$(LIBRARY_SEARCH_PATHS_QUOTED_FOR_TARGET_25)",
					"$(LIBRARY_SEARCH_PATHS_QUOTED_FOR_TARGET_26)",
					"$(LIBRARY_SEARCH_PATHS_QUOTED_FOR_TARGET_27)",
					"$(LIBRARY_SEARCH_PATHS_QUOTED_FOR_TARGET_28)",
					"$(LIBRARY_SEARCH_PATHS_QUOTED_FOR_TARGET_29)",
					"$(LIBRARY_SEARCH_PATHS_QUOTED_FOR_TARGET_30)",
					"$(LIBRARY_SEARCH_PATHS_QUOTED_FOR_TARGET_31)",
					"$(LIBRARY_SEARCH_PATHS_QUOTED_FOR_TARGET_32)",
					"$(LIBRARY_SEARCH_PATHS_QUOTED_FOR_TARGET_33)",
					"$(LIBRARY_SEARCH_PATHS_QUOTED_FOR_TARGET_34)",
					"$(LIBRARY_SEARCH_PATHS_QUOTED_FOR_TARGET_35)",
					"$(LIBRARY_SEARCH_PATHS_QUOTED_FOR_TARGET_36)",
					"$(LIBRARY_SEARCH_PATHS_QUOTED_FOR_TARGET_37)",
					"$(LIBRARY_SEARCH_PATHS_QUOTED_FOR_TARGET_38)",
					"$(LIBRARY_SEARCH_PATHS_QUOTED_FOR_TARGET_39)",
					"$(LIBRARY_SEARCH_PATHS_QUOTED_FOR_TARGET_40)",
					"$(LIBRARY_SEARCH_PATHS_QUOTED_FOR_TARGET_41)",
					"$(LIBRARY_SEARCH_PATHS_QUOTED_FOR_TARGET_42)",
					"$(LIBRARY_SEARCH_PATHS_QUOTED_FOR_TARGET_43)",
					"$(LIBRARY_SEARCH_PATHS_QUOTED_FOR_TARGET_44)",
					"$(LIBRARY_SEARCH_PATHS_QUOTED_FOR_TARGET_45)",
					"$(LIBRARY_SEARCH_PATHS_QUOTED_FOR_TARGET_46)",
					"$(LIBRARY_SEARCH_PATHS_QUOTED_FOR_TARGET_47)",
					"$(LIBRARY_SEARCH_PATHS_QUOTED_FOR_TARGET_48)",
					"$(LIBRARY_SEARCH_PATHS_QUOTED_FOR_TARGET_49)",
					"$(LIBRARY_SEARCH_PATHS_QUOTED_FOR_TARGET_50)",
					"$(LIBRARY_SEARCH_PATHS_QUOTED_FOR_TARGET_51)",
					"$(LIBRARY_SEARCH_PATHS_QUOTED_FOR_TARGET_1)",
				);
				LIBRARY_SEARCH_PATHS_QUOTED_FOR_TARGET_1 = "\"$(SRCROOT)/../../../../of_preRelease_v0062_iphone_FAT/addons/ofxOsc/libs/oscpack/lib/osx\"";
				PREBINDING = NO;
				PRODUCT_NAME = ofxPdExample;
				WRAPPER_EXTENSION = app;
			};
			name = Release;
		};
/* End XCBuildConfiguration section */

/* Begin XCConfigurationList section */
		E4B69B4D0A3A1720003C02F2 /* Build configuration list for PBXProject "ofxPdExample" */ = {
			isa = XCConfigurationList;
			buildConfigurations = (
				E4B69B4E0A3A1720003C02F2 /* Debug */,
				E4B69B4F0A3A1720003C02F2 /* Release */,
			);
			defaultConfigurationIsVisible = 0;
			defaultConfigurationName = Release;
		};
		E4B69B5F0A3A1757003C02F2 /* Build configuration list for PBXNativeTarget "ofxPdExample" */ = {
			isa = XCConfigurationList;
			buildConfigurations = (
				E4B69B600A3A1757003C02F2 /* Debug */,
				E4B69B610A3A1757003C02F2 /* Release */,
			);
			defaultConfigurationIsVisible = 0;
			defaultConfigurationName = Release;
		};
/* End XCConfigurationList section */
	};
	rootObject = E4B69B4C0A3A1720003C02F2 /* Project object */;
}
